
Microsoft Visual Studio Solution File, Format Version 12.00
# Visual Studio Version 17
VisualStudioVersion = 17.7.34031.279
MinimumVisualStudioVersion = 10.0.40219.1
Project("{FAE04EC0-301F-11D3-BF4B-00C04F79EFBC}") = "WindForm classwork", "WindForm classwork.csproj", "{935E2402-C877-4E5D-BFC6-AEACFBB84295}"
EndProject
Global
	GlobalSection(SolutionConfigurationPlatforms) = preSolution
		Debug|Any CPU = Debug|Any CPU
		Release|Any CPU = Release|Any CPU
	EndGlobalSection
	GlobalSection(ProjectConfigurationPlatforms) = postSolution
		{935E2402-C877-4E5D-BFC6-AEACFBB84295}.Debug|Any CPU.ActiveCfg = Debug|Any CPU
		{935E2402-C877-4E5D-BFC6-AEACFBB84295}.Debug|Any CPU.Build.0 = Debug|Any CPU
		{935E2402-C877-4E5D-BFC6-AEACFBB84295}.Release|Any CPU.ActiveCfg = Release|Any CPU
		{935E2402-C877-4E5D-BFC6-AEACFBB84295}.Release|Any CPU.Build.0 = Release|Any CPU
	EndGlobalSection
	GlobalSection(SolutionProperties) = preSolution
		HideSolutionNode = FALSE
	EndGlobalSection
	GlobalSection(ExtensibilityGlobals) = postSolution
		SolutionGuid = {97194FB8-4846-45AF-A726-3FE6AE54DDAB}
	EndGlobalSection
EndGlobal
